
Microsoft Visual Studio Solution File, Format Version 12.00
# Visual Studio Version 17
VisualStudioVersion = 17.6.33712.159
MinimumVisualStudioVersion = 10.0.40219.1
Project("{FAE04EC0-301F-11D3-BF4B-00C04F79EFBC}") = "Practice3", "Practice3.csproj", "{A971DF37-161B-444D-BA78-78CDBC255DAE}"
EndProject
Global
	GlobalSection(SolutionConfigurationPlatforms) = preSolution
		Debug|Any CPU = Debug|Any CPU
		Release|Any CPU = Release|Any CPU
	EndGlobalSection
	GlobalSection(ProjectConfigurationPlatforms) = postSolution
		{A971DF37-161B-444D-BA78-78CDBC255DAE}.Debug|Any CPU.ActiveCfg = Debug|Any CPU
		{A971DF37-161B-444D-BA78-78CDBC255DAE}.Debug|Any CPU.Build.0 = Debug|Any CPU
		{A971DF37-161B-444D-BA78-78CDBC255DAE}.Release|Any CPU.ActiveCfg = Release|Any CPU
		{A971DF37-161B-444D-BA78-78CDBC255DAE}.Release|Any CPU.Build.0 = Release|Any CPU
	EndGlobalSection
	GlobalSection(SolutionProperties) = preSolution
		HideSolutionNode = FALSE
	EndGlobalSection
	GlobalSection(ExtensibilityGlobals) = postSolution
		SolutionGuid = {40613EF6-A5B1-46A6-9231-D65E2FB88EDF}
	EndGlobalSection
EndGlobal
